// !$*UTF8*$!
{
	archiveVersion = 1;
	classes = {
	};
	objectVersion = 51;
	objects = {

/* Begin PBXBuildFile section */
		544DCB76447B6A4AF91DED94 /* Pods_RxSwiftDemo.framework in Frameworks */ = {isa = PBXBuildFile; fileRef = C3B4CD680E6C23C364E99F77 /* Pods_RxSwiftDemo.framework */; };
		85054EA226EB9BE5006BBD2A /* AppDelegate.swift in Sources */ = {isa = PBXBuildFile; fileRef = 85054EA126EB9BE5006BBD2A /* AppDelegate.swift */; };
		85054EA626EB9BE5006BBD2A /* ViewController.swift in Sources */ = {isa = PBXBuildFile; fileRef = 85054EA526EB9BE5006BBD2A /* ViewController.swift */; };
		85054EA926EB9BE5006BBD2A /* Main.storyboard in Resources */ = {isa = PBXBuildFile; fileRef = 85054EA726EB9BE5006BBD2A /* Main.storyboard */; };
		85054EAB26EB9BE6006BBD2A /* Assets.xcassets in Resources */ = {isa = PBXBuildFile; fileRef = 85054EAA26EB9BE6006BBD2A /* Assets.xcassets */; };
		85054EAE26EB9BE6006BBD2A /* LaunchScreen.storyboard in Resources */ = {isa = PBXBuildFile; fileRef = 85054EAC26EB9BE6006BBD2A /* LaunchScreen.storyboard */; };
		859E5ED326EC8A2D00D67FBF /* SubViewController.swift in Sources */ = {isa = PBXBuildFile; fileRef = 859E5ED226EC8A2D00D67FBF /* SubViewController.swift */; };
		859E5ED626ECB18000D67FBF /* ThirdViewController.swift in Sources */ = {isa = PBXBuildFile; fileRef = 859E5ED526ECB18000D67FBF /* ThirdViewController.swift */; };
		859E5ED926ECF33200D67FBF /* FourthViewController.swift in Sources */ = {isa = PBXBuildFile; fileRef = 859E5ED826ECF33200D67FBF /* FourthViewController.swift */; };
		859E5EDC26ED0EA100D67FBF /* FiveViewController.swift in Sources */ = {isa = PBXBuildFile; fileRef = 859E5EDB26ED0EA100D67FBF /* FiveViewController.swift */; };
		859E5EDF26ED103100D67FBF /* Button.swift in Sources */ = {isa = PBXBuildFile; fileRef = 859E5EDE26ED103100D67FBF /* Button.swift */; };
		859E5EEA26ED1B9400D67FBF /* SixViewController.swift in Sources */ = {isa = PBXBuildFile; fileRef = 859E5EE926ED1B9400D67FBF /* SixViewController.swift */; };
		859E5EED26ED1C2700D67FBF /* Contributor.swift in Sources */ = {isa = PBXBuildFile; fileRef = 859E5EEC26ED1C2700D67FBF /* Contributor.swift */; };
		859E5EF026ED221100D67FBF /* SevenViewController.swift in Sources */ = {isa = PBXBuildFile; fileRef = 859E5EEF26ED221100D67FBF /* SevenViewController.swift */; };
		859FF1D82716B208007273D7 /* ViewController3.swift in Sources */ = {isa = PBXBuildFile; fileRef = 859FF1D42716B208007273D7 /* ViewController3.swift */; };
		859FF1D92716B208007273D7 /* ViewController4.swift in Sources */ = {isa = PBXBuildFile; fileRef = 859FF1D52716B208007273D7 /* ViewController4.swift */; };
		859FF1DA2716B208007273D7 /* ViewController2.swift in Sources */ = {isa = PBXBuildFile; fileRef = 859FF1D62716B208007273D7 /* ViewController2.swift */; };
		859FF1DB2716B208007273D7 /* ViewController5.swift in Sources */ = {isa = PBXBuildFile; fileRef = 859FF1D72716B208007273D7 /* ViewController5.swift */; };
		859FF1DE2716B250007273D7 /* Model.swift in Sources */ = {isa = PBXBuildFile; fileRef = 859FF1DD2716B250007273D7 /* Model.swift */; };
		859FF1E12716B2D0007273D7 /* ViewDemoController.swift in Sources */ = {isa = PBXBuildFile; fileRef = 859FF1E02716B2D0007273D7 /* ViewDemoController.swift */; };
		859FF1E42716B60E007273D7 /* ViewController6.swift in Sources */ = {isa = PBXBuildFile; fileRef = 859FF1E32716B60E007273D7 /* ViewController6.swift */; };
		859FF21A27181439007273D7 /* MyViewController.swift in Sources */ = {isa = PBXBuildFile; fileRef = 859FF21927181439007273D7 /* MyViewController.swift */; };
/* End PBXBuildFile section */

/* Begin PBXFileReference section */
		3BDFE6551A72805E885D682D /* Pods-RxSwiftDemo.release.xcconfig */ = {isa = PBXFileReference; includeInIndex = 1; lastKnownFileType = text.xcconfig; name = "Pods-RxSwiftDemo.release.xcconfig"; path = "Target Support Files/Pods-RxSwiftDemo/Pods-RxSwiftDemo.release.xcconfig"; sourceTree = "<group>"; };
		85054E9E26EB9BE5006BBD2A /* RxSwiftDemo.app */ = {isa = PBXFileReference; explicitFileType = wrapper.application; includeInIndex = 0; path = RxSwiftDemo.app; sourceTree = BUILT_PRODUCTS_DIR; };
		85054EA126EB9BE5006BBD2A /* AppDelegate.swift */ = {isa = PBXFileReference; lastKnownFileType = sourcecode.swift; path = AppDelegate.swift; sourceTree = "<group>"; };
		85054EA526EB9BE5006BBD2A /* ViewController.swift */ = {isa = PBXFileReference; lastKnownFileType = sourcecode.swift; path = ViewController.swift; sourceTree = "<group>"; };
		85054EA826EB9BE5006BBD2A /* Base */ = {isa = PBXFileReference; lastKnownFileType = file.storyboard; name = Base; path = Base.lproj/Main.storyboard; sourceTree = "<group>"; };
		85054EAA26EB9BE6006BBD2A /* Assets.xcassets */ = {isa = PBXFileReference; lastKnownFileType = folder.assetcatalog; path = Assets.xcassets; sourceTree = "<group>"; };
		85054EAD26EB9BE6006BBD2A /* Base */ = {isa = PBXFileReference; lastKnownFileType = file.storyboard; name = Base; path = Base.lproj/LaunchScreen.storyboard; sourceTree = "<group>"; };
		85054EAF26EB9BE6006BBD2A /* Info.plist */ = {isa = PBXFileReference; lastKnownFileType = text.plist.xml; path = Info.plist; sourceTree = "<group>"; };
		859E5ED226EC8A2D00D67FBF /* SubViewController.swift */ = {isa = PBXFileReference; lastKnownFileType = sourcecode.swift; path = SubViewController.swift; sourceTree = "<group>"; };
		859E5ED526ECB18000D67FBF /* ThirdViewController.swift */ = {isa = PBXFileReference; lastKnownFileType = sourcecode.swift; path = ThirdViewController.swift; sourceTree = "<group>"; };
		859E5ED826ECF33200D67FBF /* FourthViewController.swift */ = {isa = PBXFileReference; lastKnownFileType = sourcecode.swift; path = FourthViewController.swift; sourceTree = "<group>"; };
		859E5EDB26ED0EA100D67FBF /* FiveViewController.swift */ = {isa = PBXFileReference; lastKnownFileType = sourcecode.swift; path = FiveViewController.swift; sourceTree = "<group>"; };
		859E5EDE26ED103100D67FBF /* Button.swift */ = {isa = PBXFileReference; lastKnownFileType = sourcecode.swift; path = Button.swift; sourceTree = "<group>"; };
		859E5EE926ED1B9400D67FBF /* SixViewController.swift */ = {isa = PBXFileReference; lastKnownFileType = sourcecode.swift; path = SixViewController.swift; sourceTree = "<group>"; };
		859E5EEC26ED1C2700D67FBF /* Contributor.swift */ = {isa = PBXFileReference; lastKnownFileType = sourcecode.swift; path = Contributor.swift; sourceTree = "<group>"; };
		859E5EEF26ED221100D67FBF /* SevenViewController.swift */ = {isa = PBXFileReference; lastKnownFileType = sourcecode.swift; path = SevenViewController.swift; sourceTree = "<group>"; };
		859FF1D42716B208007273D7 /* ViewController3.swift */ = {isa = PBXFileReference; fileEncoding = 4; lastKnownFileType = sourcecode.swift; path = ViewController3.swift; sourceTree = "<group>"; };
		859FF1D52716B208007273D7 /* ViewController4.swift */ = {isa = PBXFileReference; fileEncoding = 4; lastKnownFileType = sourcecode.swift; path = ViewController4.swift; sourceTree = "<group>"; };
		859FF1D62716B208007273D7 /* ViewController2.swift */ = {isa = PBXFileReference; fileEncoding = 4; lastKnownFileType = sourcecode.swift; path = ViewController2.swift; sourceTree = "<group>"; };
		859FF1D72716B208007273D7 /* ViewController5.swift */ = {isa = PBXFileReference; fileEncoding = 4; lastKnownFileType = sourcecode.swift; path = ViewController5.swift; sourceTree = "<group>"; };
		859FF1DD2716B250007273D7 /* Model.swift */ = {isa = PBXFileReference; fileEncoding = 4; lastKnownFileType = sourcecode.swift; path = Model.swift; sourceTree = "<group>"; };
		859FF1E02716B2D0007273D7 /* ViewDemoController.swift */ = {isa = PBXFileReference; lastKnownFileType = sourcecode.swift; path = ViewDemoController.swift; sourceTree = "<group>"; };
		859FF1E32716B60E007273D7 /* ViewController6.swift */ = {isa = PBXFileReference; lastKnownFileType = sourcecode.swift; path = ViewController6.swift; sourceTree = "<group>"; };
		859FF21927181439007273D7 /* MyViewController.swift */ = {isa = PBXFileReference; lastKnownFileType = sourcecode.swift; path = MyViewController.swift; sourceTree = "<group>"; };
		AE58DAB2A0DF98E99DBA78DD /* Pods-RxSwiftDemo.debug.xcconfig */ = {isa = PBXFileReference; includeInIndex = 1; lastKnownFileType = text.xcconfig; name = "Pods-RxSwiftDemo.debug.xcconfig"; path = "Target Support Files/Pods-RxSwiftDemo/Pods-RxSwiftDemo.debug.xcconfig"; sourceTree = "<group>"; };
		C3B4CD680E6C23C364E99F77 /* Pods_RxSwiftDemo.framework */ = {isa = PBXFileReference; explicitFileType = wrapper.framework; includeInIndex = 0; path = Pods_RxSwiftDemo.framework; sourceTree = BUILT_PRODUCTS_DIR; };
/* End PBXFileReference section */

/* Begin PBXFrameworksBuildPhase section */
		85054E9B26EB9BE5006BBD2A /* Frameworks */ = {
			isa = PBXFrameworksBuildPhase;
			buildActionMask = 2147483647;
			files = (
				544DCB76447B6A4AF91DED94 /* Pods_RxSwiftDemo.framework in Frameworks */,
			);
			runOnlyForDeploymentPostprocessing = 0;
		};
/* End PBXFrameworksBuildPhase section */

/* Begin PBXGroup section */
		1658207D55CFCFE22F6A3FF6 /* Frameworks */ = {
			isa = PBXGroup;
			children = (
				C3B4CD680E6C23C364E99F77 /* Pods_RxSwiftDemo.framework */,
			);
			name = Frameworks;
			sourceTree = "<group>";
		};
		42FA9658EF3EC6AD448A425D /* Pods */ = {
			isa = PBXGroup;
			children = (
				AE58DAB2A0DF98E99DBA78DD /* Pods-RxSwiftDemo.debug.xcconfig */,
				3BDFE6551A72805E885D682D /* Pods-RxSwiftDemo.release.xcconfig */,
			);
			path = Pods;
			sourceTree = "<group>";
		};
		85054E9526EB9BE5006BBD2A = {
			isa = PBXGroup;
			children = (
				85054EA026EB9BE5006BBD2A /* RxSwiftDemo */,
				85054E9F26EB9BE5006BBD2A /* Products */,
				42FA9658EF3EC6AD448A425D /* Pods */,
				1658207D55CFCFE22F6A3FF6 /* Frameworks */,
			);
			sourceTree = "<group>";
		};
		85054E9F26EB9BE5006BBD2A /* Products */ = {
			isa = PBXGroup;
			children = (
				85054E9E26EB9BE5006BBD2A /* RxSwiftDemo.app */,
			);
			name = Products;
			sourceTree = "<group>";
		};
		85054EA026EB9BE5006BBD2A /* RxSwiftDemo */ = {
			isa = PBXGroup;
			children = (
				85054EA126EB9BE5006BBD2A /* AppDelegate.swift */,
				85054EA526EB9BE5006BBD2A /* ViewController.swift */,
				859E5ED226EC8A2D00D67FBF /* SubViewController.swift */,
				859E5ED526ECB18000D67FBF /* ThirdViewController.swift */,
				859E5ED826ECF33200D67FBF /* FourthViewController.swift */,
				859E5EDB26ED0EA100D67FBF /* FiveViewController.swift */,
				859E5EE926ED1B9400D67FBF /* SixViewController.swift */,
				859E5EEF26ED221100D67FBF /* SevenViewController.swift */,
				859E5EEC26ED1C2700D67FBF /* Contributor.swift */,
				859E5EDE26ED103100D67FBF /* Button.swift */,
				859FF1DD2716B250007273D7 /* Model.swift */,
				859FF21927181439007273D7 /* MyViewController.swift */,
				859FF1E02716B2D0007273D7 /* ViewDemoController.swift */,
				859FF1D62716B208007273D7 /* ViewController2.swift */,
				859FF1D42716B208007273D7 /* ViewController3.swift */,
				859FF1D52716B208007273D7 /* ViewController4.swift */,
				859FF1D72716B208007273D7 /* ViewController5.swift */,
				859FF1E32716B60E007273D7 /* ViewController6.swift */,
				85054EA726EB9BE5006BBD2A /* Main.storyboard */,
				85054EAA26EB9BE6006BBD2A /* Assets.xcassets */,
				85054EAC26EB9BE6006BBD2A /* LaunchScreen.storyboard */,
				85054EAF26EB9BE6006BBD2A /* Info.plist */,
			);
			path = RxSwiftDemo;
			sourceTree = "<group>";
		};
/* End PBXGroup section */

/* Begin PBXNativeTarget section */
		85054E9D26EB9BE5006BBD2A /* RxSwiftDemo */ = {
			isa = PBXNativeTarget;
			buildConfigurationList = 85054EB226EB9BE6006BBD2A /* Build configuration list for PBXNativeTarget "RxSwiftDemo" */;
			buildPhases = (
				EB76E4BD6FB7CF3E8311F340 /* [CP] Check Pods Manifest.lock */,
				85054E9A26EB9BE5006BBD2A /* Sources */,
				85054E9B26EB9BE5006BBD2A /* Frameworks */,
				85054E9C26EB9BE5006BBD2A /* Resources */,
				1A38012D43E1CBB4472DDB31 /* [CP] Embed Pods Frameworks */,
			);
			buildRules = (
			);
			dependencies = (
			);
			name = RxSwiftDemo;
			productName = RxSwiftDemo;
			productReference = 85054E9E26EB9BE5006BBD2A /* RxSwiftDemo.app */;
			productType = "com.apple.product-type.application";
		};
/* End PBXNativeTarget section */

/* Begin PBXProject section */
		85054E9626EB9BE5006BBD2A /* Project object */ = {
			isa = PBXProject;
			attributes = {
				LastSwiftUpdateCheck = 1230;
				LastUpgradeCheck = 1230;
				TargetAttributes = {
					85054E9D26EB9BE5006BBD2A = {
						CreatedOnToolsVersion = 12.3;
					};
				};
			};
			buildConfigurationList = 85054E9926EB9BE5006BBD2A /* Build configuration list for PBXProject "RxSwiftDemo" */;
			compatibilityVersion = "Xcode 9.3";
			developmentRegion = en;
			hasScannedForEncodings = 0;
			knownRegions = (
				en,
				Base,
			);
			mainGroup = 85054E9526EB9BE5006BBD2A;
			productRefGroup = 85054E9F26EB9BE5006BBD2A /* Products */;
			projectDirPath = "";
			projectRoot = "";
			targets = (
				85054E9D26EB9BE5006BBD2A /* RxSwiftDemo */,
			);
		};
/* End PBXProject section */

/* Begin PBXResourcesBuildPhase section */
		85054E9C26EB9BE5006BBD2A /* Resources */ = {
			isa = PBXResourcesBuildPhase;
			buildActionMask = 2147483647;
			files = (
				85054EAE26EB9BE6006BBD2A /* LaunchScreen.storyboard in Resources */,
				85054EAB26EB9BE6006BBD2A /* Assets.xcassets in Resources */,
				85054EA926EB9BE5006BBD2A /* Main.storyboard in Resources */,
			);
			runOnlyForDeploymentPostprocessing = 0;
		};
/* End PBXResourcesBuildPhase section */

/* Begin PBXShellScriptBuildPhase section */
		1A38012D43E1CBB4472DDB31 /* [CP] Embed Pods Frameworks */ = {
			isa = PBXShellScriptBuildPhase;
			buildActionMask = 2147483647;
			files = (
			);
			inputFileListPaths = (
				"${PODS_ROOT}/Target Support Files/Pods-RxSwiftDemo/Pods-RxSwiftDemo-frameworks-${CONFIGURATION}-input-files.xcfilelist",
			);
			name = "[CP] Embed Pods Frameworks";
			outputFileListPaths = (
				"${PODS_ROOT}/Target Support Files/Pods-RxSwiftDemo/Pods-RxSwiftDemo-frameworks-${CONFIGURATION}-output-files.xcfilelist",
			);
			runOnlyForDeploymentPostprocessing = 0;
			shellPath = /bin/sh;
			shellScript = "\"${PODS_ROOT}/Target Support Files/Pods-RxSwiftDemo/Pods-RxSwiftDemo-frameworks.sh\"\n";
			showEnvVarsInLog = 0;
		};
		EB76E4BD6FB7CF3E8311F340 /* [CP] Check Pods Manifest.lock */ = {
			isa = PBXShellScriptBuildPhase;
			buildActionMask = 2147483647;
			files = (
			);
			inputFileListPaths = (
			);
			inputPaths = (
				"${PODS_PODFILE_DIR_PATH}/Podfile.lock",
				"${PODS_ROOT}/Manifest.lock",
			);
			name = "[CP] Check Pods Manifest.lock";
			outputFileListPaths = (
			);
			outputPaths = (
				"$(DERIVED_FILE_DIR)/Pods-RxSwiftDemo-checkManifestLockResult.txt",
			);
			runOnlyForDeploymentPostprocessing = 0;
			shellPath = /bin/sh;
			shellScript = "diff \"${PODS_PODFILE_DIR_PATH}/Podfile.lock\" \"${PODS_ROOT}/Manifest.lock\" > /dev/null\nif [ $? != 0 ] ; then\n    # print error to STDERR\n    echo \"error: The sandbox is not in sync with the Podfile.lock. Run 'pod install' or update your CocoaPods installation.\" >&2\n    exit 1\nfi\n# This output is used by Xcode 'outputs' to avoid re-running this script phase.\necho \"SUCCESS\" > \"${SCRIPT_OUTPUT_FILE_0}\"\n";
			showEnvVarsInLog = 0;
		};
/* End PBXShellScriptBuildPhase section */

/* Begin PBXSourcesBuildPhase section */
		85054E9A26EB9BE5006BBD2A /* Sources */ = {
			isa = PBXSourcesBuildPhase;
			buildActionMask = 2147483647;
			files = (
				859FF1DE2716B250007273D7 /* Model.swift in Sources */,
				859FF1D82716B208007273D7 /* ViewController3.swift in Sources */,
				859E5EDF26ED103100D67FBF /* Button.swift in Sources */,
				859E5EED26ED1C2700D67FBF /* Contributor.swift in Sources */,
				859E5ED326EC8A2D00D67FBF /* SubViewController.swift in Sources */,
				85054EA626EB9BE5006BBD2A /* ViewController.swift in Sources */,
				859E5ED626ECB18000D67FBF /* ThirdViewController.swift in Sources */,
				859FF21A27181439007273D7 /* MyViewController.swift in Sources */,
				859FF1E12716B2D0007273D7 /* ViewDemoController.swift in Sources */,
				859FF1E42716B60E007273D7 /* ViewController6.swift in Sources */,
				859FF1DB2716B208007273D7 /* ViewController5.swift in Sources */,
				85054EA226EB9BE5006BBD2A /* AppDelegate.swift in Sources */,
				859FF1D92716B208007273D7 /* ViewController4.swift in Sources */,
				859E5EEA26ED1B9400D67FBF /* SixViewController.swift in Sources */,
				859E5EDC26ED0EA100D67FBF /* FiveViewController.swift in Sources */,
				859E5EF026ED221100D67FBF /* SevenViewController.swift in Sources */,
				859E5ED926ECF33200D67FBF /* FourthViewController.swift in Sources */,
				859FF1DA2716B208007273D7 /* ViewController2.swift in Sources */,
			);
			runOnlyForDeploymentPostprocessing = 0;
		};
/* End PBXSourcesBuildPhase section */

/* Begin PBXVariantGroup section */
		85054EA726EB9BE5006BBD2A /* Main.storyboard */ = {
			isa = PBXVariantGroup;
			children = (
				85054EA826EB9BE5006BBD2A /* Base */,
			);
			name = Main.storyboard;
			sourceTree = "<group>";
		};
		85054EAC26EB9BE6006BBD2A /* LaunchScreen.storyboard */ = {
			isa = PBXVariantGroup;
			children = (
				85054EAD26EB9BE6006BBD2A /* Base */,
			);
			name = LaunchScreen.storyboard;
			sourceTree = "<group>";
		};
/* End PBXVariantGroup section */

/* Begin XCBuildConfiguration section */
		85054EB026EB9BE6006BBD2A /* Debug */ = {
			isa = XCBuildConfiguration;
			buildSettings = {
				ALWAYS_SEARCH_USER_PATHS = NO;
				CLANG_ANALYZER_NONNULL = YES;
				CLANG_ANALYZER_NUMBER_OBJECT_CONVERSION = YES_AGGRESSIVE;
				CLANG_CXX_LANGUAGE_STANDARD = "gnu++14";
				CLANG_CXX_LIBRARY = "libc++";
				CLANG_ENABLE_MODULES = YES;
				CLANG_ENABLE_OBJC_ARC = YES;
				CLANG_ENABLE_OBJC_WEAK = YES;
				CLANG_WARN_BLOCK_CAPTURE_AUTORELEASING = YES;
				CLANG_WARN_BOOL_CONVERSION = YES;
				CLANG_WARN_COMMA = YES;
				CLANG_WARN_CONSTANT_CONVERSION = YES;
				CLANG_WARN_DEPRECATED_OBJC_IMPLEMENTATIONS = YES;
				CLANG_WARN_DIRECT_OBJC_ISA_USAGE = YES_ERROR;
				CLANG_WARN_DOCUMENTATION_COMMENTS = YES;
				CLANG_WARN_EMPTY_BODY = YES;
				CLANG_WARN_ENUM_CONVERSION = YES;
				CLANG_WARN_INFINITE_RECURSION = YES;
				CLANG_WARN_INT_CONVERSION = YES;
				CLANG_WARN_NON_LITERAL_NULL_CONVERSION = YES;
				CLANG_WARN_OBJC_IMPLICIT_RETAIN_SELF = YES;
				CLANG_WARN_OBJC_LITERAL_CONVERSION = YES;
				CLANG_WARN_OBJC_ROOT_CLASS = YES_ERROR;
				CLANG_WARN_QUOTED_INCLUDE_IN_FRAMEWORK_HEADER = YES;
				CLANG_WARN_RANGE_LOOP_ANALYSIS = YES;
				CLANG_WARN_STRICT_PROTOTYPES = YES;
				CLANG_WARN_SUSPICIOUS_MOVE = YES;
				CLANG_WARN_UNGUARDED_AVAILABILITY = YES_AGGRESSIVE;
				CLANG_WARN_UNREACHABLE_CODE = YES;
				CLANG_WARN__DUPLICATE_METHOD_MATCH = YES;
				COPY_PHASE_STRIP = NO;
				DEBUG_INFORMATION_FORMAT = dwarf;
				ENABLE_STRICT_OBJC_MSGSEND = YES;
				ENABLE_TESTABILITY = YES;
				GCC_C_LANGUAGE_STANDARD = gnu11;
				GCC_DYNAMIC_NO_PIC = NO;
				GCC_NO_COMMON_BLOCKS = YES;
				GCC_OPTIMIZATION_LEVEL = 0;
				GCC_PREPROCESSOR_DEFINITIONS = (
					"DEBUG=1",
					"$(inherited)",
				);
				GCC_WARN_64_TO_32_BIT_CONVERSION = YES;
				GCC_WARN_ABOUT_RETURN_TYPE = YES_ERROR;
				GCC_WARN_UNDECLARED_SELECTOR = YES;
				GCC_WARN_UNINITIALIZED_AUTOS = YES_AGGRESSIVE;
				GCC_WARN_UNUSED_FUNCTION = YES;
				GCC_WARN_UNUSED_VARIABLE = YES;
				IPHONEOS_DEPLOYMENT_TARGET = 14.3;
				MTL_ENABLE_DEBUG_INFO = INCLUDE_SOURCE;
				MTL_FAST_MATH = YES;
				ONLY_ACTIVE_ARCH = YES;
				SDKROOT = iphoneos;
				SWIFT_ACTIVE_COMPILATION_CONDITIONS = DEBUG;
				SWIFT_OPTIMIZATION_LEVEL = "-Onone";
			};
			name = Debug;
		};
		85054EB126EB9BE6006BBD2A /* Release */ = {
			isa = XCBuildConfiguration;
			buildSettings = {
				ALWAYS_SEARCH_USER_PATHS = NO;
				CLANG_ANALYZER_NONNULL = YES;
				CLANG_ANALYZER_NUMBER_OBJECT_CONVERSION = YES_AGGRESSIVE;
				CLANG_CXX_LANGUAGE_STANDARD = "gnu++14";
				CLANG_CXX_LIBRARY = "libc++";
				CLANG_ENABLE_MODULES = YES;
				CLANG_ENABLE_OBJC_ARC = YES;
				CLANG_ENABLE_OBJC_WEAK = YES;
				CLANG_WARN_BLOCK_CAPTURE_AUTORELEASING = YES;
				CLANG_WARN_BOOL_CONVERSION = YES;
				CLANG_WARN_COMMA = YES;
				CLANG_WARN_CONSTANT_CONVERSION = YES;
				CLANG_WARN_DEPRECATED_OBJC_IMPLEMENTATIONS = YES;
				CLANG_WARN_DIRECT_OBJC_ISA_USAGE = YES_ERROR;
				CLANG_WARN_DOCUMENTATION_COMMENTS = YES;
				CLANG_WARN_EMPTY_BODY = YES;
				CLANG_WARN_ENUM_CONVERSION = YES;
				CLANG_WARN_INFINITE_RECURSION = YES;
				CLANG_WARN_INT_CONVERSION = YES;
				CLANG_WARN_NON_LITERAL_NULL_CONVERSION = YES;
				CLANG_WARN_OBJC_IMPLICIT_RETAIN_SELF = YES;
				CLANG_WARN_OBJC_LITERAL_CONVERSION = YES;
				CLANG_WARN_OBJC_ROOT_CLASS = YES_ERROR;
				CLANG_WARN_QUOTED_INCLUDE_IN_FRAMEWORK_HEADER = YES;
				CLANG_WARN_RANGE_LOOP_ANALYSIS = YES;
				CLANG_WARN_STRICT_PROTOTYPES = YES;
				CLANG_WARN_SUSPICIOUS_MOVE = YES;
				CLANG_WARN_UNGUARDED_AVAILABILITY = YES_AGGRESSIVE;
				CLANG_WARN_UNREACHABLE_CODE = YES;
				CLANG_WARN__DUPLICATE_METHOD_MATCH = YES;
				COPY_PHASE_STRIP = NO;
				DEBUG_INFORMATION_FORMAT = "dwarf-with-dsym";
				ENABLE_NS_ASSERTIONS = NO;
				ENABLE_STRICT_OBJC_MSGSEND = YES;
				GCC_C_LANGUAGE_STANDARD = gnu11;
				GCC_NO_COMMON_BLOCKS = YES;
				GCC_WARN_64_TO_32_BIT_CONVERSION = YES;
				GCC_WARN_ABOUT_RETURN_TYPE = YES_ERROR;
				GCC_WARN_UNDECLARED_SELECTOR = YES;
				GCC_WARN_UNINITIALIZED_AUTOS = YES_AGGRESSIVE;
				GCC_WARN_UNUSED_FUNCTION = YES;
				GCC_WARN_UNUSED_VARIABLE = YES;
				IPHONEOS_DEPLOYMENT_TARGET = 14.3;
				MTL_ENABLE_DEBUG_INFO = NO;
				MTL_FAST_MATH = YES;
				SDKROOT = iphoneos;
				SWIFT_COMPILATION_MODE = wholemodule;
				SWIFT_OPTIMIZATION_LEVEL = "-O";
				VALIDATE_PRODUCT = YES;
			};
			name = Release;
		};
		85054EB326EB9BE6006BBD2A /* Debug */ = {
			isa = XCBuildConfiguration;
			baseConfigurationReference = AE58DAB2A0DF98E99DBA78DD /* Pods-RxSwiftDemo.debug.xcconfig */;
			buildSettings = {
				ASSETCATALOG_COMPILER_APPICON_NAME = AppIcon;
				ASSETCATALOG_COMPILER_GLOBAL_ACCENT_COLOR_NAME = AccentColor;
				CODE_SIGN_STYLE = Automatic;
				INFOPLIST_FILE = RxSwiftDemo/Info.plist;
				LD_RUNPATH_SEARCH_PATHS = (
					"$(inherited)",
					"@executable_path/Frameworks",
				);
				PRODUCT_BUNDLE_IDENTIFIER = com.yude.jieyao.RxSwiftDemo;
				PRODUCT_NAME = "$(TARGET_NAME)";
				SWIFT_VERSION = 5.0;
				TARGETED_DEVICE_FAMILY = "1,2";
			};
			name = Debug;
		};
		85054EB426EB9BE6006BBD2A /* Release */ = {
			isa = XCBuildConfiguration;
			baseConfigurationReference = 3BDFE6551A72805E885D682D /* Pods-RxSwiftDemo.release.xcconfig */;
			buildSettings = {
				ASSETCATALOG_COMPILER_APPICON_NAME = AppIcon;
				ASSETCATALOG_COMPILER_GLOBAL_ACCENT_COLOR_NAME = AccentColor;
				CODE_SIGN_STYLE = Automatic;
				INFOPLIST_FILE = RxSwiftDemo/Info.plist;
				LD_RUNPATH_SEARCH_PATHS = (
					"$(inherited)",
					"@executable_path/Frameworks",
				);
				PRODUCT_BUNDLE_IDENTIFIER = com.yude.jieyao.RxSwiftDemo;
				PRODUCT_NAME = "$(TARGET_NAME)";
				SWIFT_VERSION = 5.0;
				TARGETED_DEVICE_FAMILY = "1,2";
			};
			name = Release;
		};
/* End XCBuildConfiguration section */

/* Begin XCConfigurationList section */
		85054E9926EB9BE5006BBD2A /* Build configuration list for PBXProject "RxSwiftDemo" */ = {
			isa = XCConfigurationList;
			buildConfigurations = (
				85054EB026EB9BE6006BBD2A /* Debug */,
				85054EB126EB9BE6006BBD2A /* Release */,
			);
			defaultConfigurationIsVisible = 0;
			defaultConfigurationName = Release;
		};
		85054EB226EB9BE6006BBD2A /* Build configuration list for PBXNativeTarget "RxSwiftDemo" */ = {
			isa = XCConfigurationList;
			buildConfigurations = (
				85054EB326EB9BE6006BBD2A /* Debug */,
				85054EB426EB9BE6006BBD2A /* Release */,
			);
			defaultConfigurationIsVisible = 0;
			defaultConfigurationName = Release;
		};
/* End XCConfigurationList section */
	};
	rootObject = 85054E9626EB9BE5006BBD2A /* Project object */;
}
